{
  "name": "banshee-preprocessor",
  "version": "1.0.0",
  "lockfileVersion": 3,
  "requires": true,
  "packages": {
    "": {
      "name": "banshee-preprocessor",
      "version": "1.0.0",
      "license": "MIT",
      "dependencies": {
        "@chainsafe/persistent-merkle-tree": "^0.6.1",
        "@chainsafe/ssz": "^0.11.1",
        "@lodestar/types": "^1.8.0"
      },
      "devDependencies": {
        "@types/node": "^20.3.0",
        "typescript": "^5.1.3"
      }
    },
    "node_modules/@chainsafe/as-sha256": {
      "version": "0.4.1",
      "resolved": "https://registry.npmjs.org/@chainsafe/as-sha256/-/as-sha256-0.4.1.tgz",
      "integrity": "sha512-IqeeGwQihK6Y2EYLFofqs2eY2ep1I2MvQXHzOAI+5iQN51OZlUkrLgyAugu2x86xZewDk5xas7lNczkzFzF62w=="
    },
    "node_modules/@chainsafe/persistent-merkle-tree": {
      "version": "0.6.1",
      "resolved": "https://registry.npmjs.org/@chainsafe/persistent-merkle-tree/-/persistent-merkle-tree-0.6.1.tgz",
      "integrity": "sha512-gcENLemRR13+1MED2NeZBMA7FRS0xQPM7L2vhMqvKkjqtFT4YfjSVADq5U0iLuQLhFUJEMVuA8fbv5v+TN6O9A==",
      "dependencies": {
        "@chainsafe/as-sha256": "^0.4.1",
        "@noble/hashes": "^1.3.0"
      }
    },
    "node_modules/@chainsafe/ssz": {
      "version": "0.11.1",
      "resolved": "https://registry.npmjs.org/@chainsafe/ssz/-/ssz-0.11.1.tgz",
      "integrity": "sha512-cB8dBkgGN6ZoeOKuk+rIRHKN0L5i9JLGeC0Lui71QX0TuLcQKwgbfkUexpyJxnGFatWf8yeJxlOjozMn/OTP0g==",
      "dependencies": {
        "@chainsafe/as-sha256": "^0.4.1",
        "@chainsafe/persistent-merkle-tree": "^0.6.1"
      }
    },
    "node_modules/@lodestar/params": {
      "version": "1.8.0",
      "resolved": "https://registry.npmjs.org/@lodestar/params/-/params-1.8.0.tgz",
      "integrity": "sha512-caArExm3XKn67EnOdYtbadoCOZSUpI9JRBZRTQk3EVlQlPj13J6E4KDtLXa2FJ8GOv63qms1od4kkaG+S+TmDg=="
    },
    "node_modules/@lodestar/types": {
      "version": "1.8.0",
      "resolved": "https://registry.npmjs.org/@lodestar/types/-/types-1.8.0.tgz",
      "integrity": "sha512-H3vZvmF89J6Edz/+ekd3+phiE3Cf25Mqroabsm3D/zMewaCzvcIfasn25XVA+m9d1NVSIwI9lj9M/7x0WlH4Fg==",
      "dependencies": {
        "@chainsafe/ssz": "^0.10.2",
        "@lodestar/params": "^1.8.0"
      }
    },
    "node_modules/@lodestar/types/node_modules/@chainsafe/as-sha256": {
      "version": "0.3.1",
      "resolved": "https://registry.npmjs.org/@chainsafe/as-sha256/-/as-sha256-0.3.1.tgz",
      "integrity": "sha512-hldFFYuf49ed7DAakWVXSJODuq3pzJEguD8tQ7h+sGkM18vja+OFoJI9krnGmgzyuZC2ETX0NOIcCTy31v2Mtg=="
    },
    "node_modules/@lodestar/types/node_modules/@chainsafe/persistent-merkle-tree": {
      "version": "0.5.0",
      "resolved": "https://registry.npmjs.org/@chainsafe/persistent-merkle-tree/-/persistent-merkle-tree-0.5.0.tgz",
      "integrity": "sha512-l0V1b5clxA3iwQLXP40zYjyZYospQLZXzBVIhhr9kDg/1qHZfzzHw0jj4VPBijfYCArZDlPkRi1wZaV2POKeuw==",
      "dependencies": {
        "@chainsafe/as-sha256": "^0.3.1"
      }
    },
    "node_modules/@lodestar/types/node_modules/@chainsafe/ssz": {
      "version": "0.10.2",
      "resolved": "https://registry.npmjs.org/@chainsafe/ssz/-/ssz-0.10.2.tgz",
      "integrity": "sha512-/NL3Lh8K+0q7A3LsiFq09YXS9fPE+ead2rr7vM2QK8PLzrNsw3uqrif9bpRX5UxgeRjM+vYi+boCM3+GM4ovXg==",
      "dependencies": {
        "@chainsafe/as-sha256": "^0.3.1",
        "@chainsafe/persistent-merkle-tree": "^0.5.0"
      }
    },
    "node_modules/@noble/hashes": {
      "version": "1.3.1",
      "resolved": "https://registry.npmjs.org/@noble/hashes/-/hashes-1.3.1.tgz",
      "integrity": "sha512-EbqwksQwz9xDRGfDST86whPBgM65E0OH/pCgqW0GBVzO22bNE+NuIbeTb714+IfSjU3aRk47EUvXIb5bTsenKA==",
      "engines": {
        "node": ">= 16"
      },
      "funding": {
        "url": "https://paulmillr.com/funding/"
      }
    },
    "node_modules/@types/node": {
      "version": "20.3.0",
      "resolved": "https://registry.npmjs.org/@types/node/-/node-20.3.0.tgz",
      "integrity": "sha512-cumHmIAf6On83X7yP+LrsEyUOf/YlociZelmpRYaGFydoaPdxdt80MAbu6vWerQT2COCp2nPvHdsbD7tHn/YlQ==",
      "dev": true
    },
    "node_modules/typescript": {
      "version": "5.1.3",
      "resolved": "https://registry.npmjs.org/typescript/-/typescript-5.1.3.tgz",
      "integrity": "sha512-XH627E9vkeqhlZFQuL+UsyAXEnibT0kWR2FWONlr4sTjvxyJYnyefgrkyECLzM5NenmKzRAy2rR/OlYLA1HkZw==",
      "dev": true,
      "bin": {
        "tsc": "bin/tsc",
        "tsserver": "bin/tsserver"
      },
      "engines": {
        "node": ">=14.17"
      }
    }
  }
}
